// !$*UTF8*$!
{
	archiveVersion = 1;
	classes = {
	};
	objectVersion = 48;
	objects = {

/* Begin PBXBuildFile section */
		BAF272221FA50EBD0086A900 /* AppDelegate.swift in Sources */ = {isa = PBXBuildFile; fileRef = BAF272211FA50EBD0086A900 /* AppDelegate.swift */; };
		BAF272241FA50EBD0086A900 /* ViewController.swift in Sources */ = {isa = PBXBuildFile; fileRef = BAF272231FA50EBD0086A900 /* ViewController.swift */; };
		BAF272271FA50EBD0086A900 /* Main.storyboard in Resources */ = {isa = PBXBuildFile; fileRef = BAF272251FA50EBD0086A900 /* Main.storyboard */; };
		BAF272291FA50EBD0086A900 /* Assets.xcassets in Resources */ = {isa = PBXBuildFile; fileRef = BAF272281FA50EBD0086A900 /* Assets.xcassets */; };
		BAF2722C1FA50EBD0086A900 /* LaunchScreen.storyboard in Resources */ = {isa = PBXBuildFile; fileRef = BAF2722A1FA50EBD0086A900 /* LaunchScreen.storyboard */; };
		BAF272371FA50EBD0086A900 /* WorldTrotterTests.swift in Sources */ = {isa = PBXBuildFile; fileRef = BAF272361FA50EBD0086A900 /* WorldTrotterTests.swift */; };
		BAF272421FA50EBD0086A900 /* WorldTrotterUITests.swift in Sources */ = {isa = PBXBuildFile; fileRef = BAF272411FA50EBD0086A900 /* WorldTrotterUITests.swift */; };
/* End PBXBuildFile section */

/* Begin PBXContainerItemProxy section */
		BAF272331FA50EBD0086A900 /* PBXContainerItemProxy */ = {
			isa = PBXContainerItemProxy;
			containerPortal = BAF272161FA50EBD0086A900 /* Project object */;
			proxyType = 1;
			remoteGlobalIDString = BAF2721D1FA50EBD0086A900;
			remoteInfo = WorldTrotter;
		};
		BAF2723E1FA50EBD0086A900 /* PBXContainerItemProxy */ = {
			isa = PBXContainerItemProxy;
			containerPortal = BAF272161FA50EBD0086A900 /* Project object */;
			proxyType = 1;
			remoteGlobalIDString = BAF2721D1FA50EBD0086A900;
			remoteInfo = WorldTrotter;
		};
/* End PBXContainerItemProxy section */

/* Begin PBXFileReference section */
		BAF2721E1FA50EBD0086A900 /* WorldTrotter.app */ = {isa = PBXFileReference; explicitFileType = wrapper.application; includeInIndex = 0; path = WorldTrotter.app; sourceTree = BUILT_PRODUCTS_DIR; };
		BAF272211FA50EBD0086A900 /* AppDelegate.swift */ = {isa = PBXFileReference; lastKnownFileType = sourcecode.swift; path = AppDelegate.swift; sourceTree = "<group>"; };
		BAF272231FA50EBD0086A900 /* ViewController.swift */ = {isa = PBXFileReference; lastKnownFileType = sourcecode.swift; path = ViewController.swift; sourceTree = "<group>"; };
		BAF272261FA50EBD0086A900 /* Base */ = {isa = PBXFileReference; lastKnownFileType = file.storyboard; name = Base; path = Base.lproj/Main.storyboard; sourceTree = "<group>"; };
		BAF272281FA50EBD0086A900 /* Assets.xcassets */ = {isa = PBXFileReference; lastKnownFileType = folder.assetcatalog; path = Assets.xcassets; sourceTree = "<group>"; };
		BAF2722B1FA50EBD0086A900 /* Base */ = {isa = PBXFileReference; lastKnownFileType = file.storyboard; name = Base; path = Base.lproj/LaunchScreen.storyboard; sourceTree = "<group>"; };
		BAF2722D1FA50EBD0086A900 /* Info.plist */ = {isa = PBXFileReference; lastKnownFileType = text.plist.xml; path = Info.plist; sourceTree = "<group>"; };
		BAF272321FA50EBD0086A900 /* WorldTrotterTests.xctest */ = {isa = PBXFileReference; explicitFileType = wrapper.cfbundle; includeInIndex = 0; path = WorldTrotterTests.xctest; sourceTree = BUILT_PRODUCTS_DIR; };
		BAF272361FA50EBD0086A900 /* WorldTrotterTests.swift */ = {isa = PBXFileReference; lastKnownFileType = sourcecode.swift; path = WorldTrotterTests.swift; sourceTree = "<group>"; };
		BAF272381FA50EBD0086A900 /* Info.plist */ = {isa = PBXFileReference; lastKnownFileType = text.plist.xml; path = Info.plist; sourceTree = "<group>"; };
		BAF2723D1FA50EBD0086A900 /* WorldTrotterUITests.xctest */ = {isa = PBXFileReference; explicitFileType = wrapper.cfbundle; includeInIndex = 0; path = WorldTrotterUITests.xctest; sourceTree = BUILT_PRODUCTS_DIR; };
		BAF272411FA50EBD0086A900 /* WorldTrotterUITests.swift */ = {isa = PBXFileReference; lastKnownFileType = sourcecode.swift; path = WorldTrotterUITests.swift; sourceTree = "<group>"; };
		BAF272431FA50EBD0086A900 /* Info.plist */ = {isa = PBXFileReference; lastKnownFileType = text.plist.xml; path = Info.plist; sourceTree = "<group>"; };
/* End PBXFileReference section */

/* Begin PBXFrameworksBuildPhase section */
		BAF2721B1FA50EBD0086A900 /* Frameworks */ = {
			isa = PBXFrameworksBuildPhase;
			buildActionMask = 2147483647;
			files = (
			);
			runOnlyForDeploymentPostprocessing = 0;
		};
		BAF2722F1FA50EBD0086A900 /* Frameworks */ = {
			isa = PBXFrameworksBuildPhase;
			buildActionMask = 2147483647;
			files = (
			);
			runOnlyForDeploymentPostprocessing = 0;
		};
		BAF2723A1FA50EBD0086A900 /* Frameworks */ = {
			isa = PBXFrameworksBuildPhase;
			buildActionMask = 2147483647;
			files = (
			);
			runOnlyForDeploymentPostprocessing = 0;
		};
/* End PBXFrameworksBuildPhase section */

/* Begin PBXGroup section */
		BAF272151FA50EBD0086A900 = {
			isa = PBXGroup;
			children = (
				BAF272201FA50EBD0086A900 /* WorldTrotter */,
				BAF272351FA50EBD0086A900 /* WorldTrotterTests */,
				BAF272401FA50EBD0086A900 /* WorldTrotterUITests */,
				BAF2721F1FA50EBD0086A900 /* Products */,
			);
			sourceTree = "<group>";
		};
		BAF2721F1FA50EBD0086A900 /* Products */ = {
			isa = PBXGroup;
			children = (
				BAF2721E1FA50EBD0086A900 /* WorldTrotter.app */,
				BAF272321FA50EBD0086A900 /* WorldTrotterTests.xctest */,
				BAF2723D1FA50EBD0086A900 /* WorldTrotterUITests.xctest */,
			);
			name = Products;
			sourceTree = "<group>";
		};
		BAF272201FA50EBD0086A900 /* WorldTrotter */ = {
			isa = PBXGroup;
			children = (
				BAF272211FA50EBD0086A900 /* AppDelegate.swift */,
				BAF272231FA50EBD0086A900 /* ViewController.swift */,
				BAF272251FA50EBD0086A900 /* Main.storyboard */,
				BAF272281FA50EBD0086A900 /* Assets.xcassets */,
				BAF2722A1FA50EBD0086A900 /* LaunchScreen.storyboard */,
				BAF2722D1FA50EBD0086A900 /* Info.plist */,
			);
			path = WorldTrotter;
			sourceTree = "<group>";
		};
		BAF272351FA50EBD0086A900 /* WorldTrotterTests */ = {
			isa = PBXGroup;
			children = (
				BAF272361FA50EBD0086A900 /* WorldTrotterTests.swift */,
				BAF272381FA50EBD0086A900 /* Info.plist */,
			);
			path = WorldTrotterTests;
			sourceTree = "<group>";
		};
		BAF272401FA50EBD0086A900 /* WorldTrotterUITests */ = {
			isa = PBXGroup;
			children = (
				BAF272411FA50EBD0086A900 /* WorldTrotterUITests.swift */,
				BAF272431FA50EBD0086A900 /* Info.plist */,
			);
			path = WorldTrotterUITests;
			sourceTree = "<group>";
		};
/* End PBXGroup section */

/* Begin PBXNativeTarget section */
		BAF2721D1FA50EBD0086A900 /* WorldTrotter */ = {
			isa = PBXNativeTarget;
			buildConfigurationList = BAF272461FA50EBD0086A900 /* Build configuration list for PBXNativeTarget "WorldTrotter" */;
			buildPhases = (
				BAF2721A1FA50EBD0086A900 /* Sources */,
				BAF2721B1FA50EBD0086A900 /* Frameworks */,
				BAF2721C1FA50EBD0086A900 /* Resources */,
			);
			buildRules = (
			);
			dependencies = (
			);
			name = WorldTrotter;
			productName = WorldTrotter;
			productReference = BAF2721E1FA50EBD0086A900 /* WorldTrotter.app */;
			productType = "com.apple.product-type.application";
		};
		BAF272311FA50EBD0086A900 /* WorldTrotterTests */ = {
			isa = PBXNativeTarget;
			buildConfigurationList = BAF272491FA50EBD0086A900 /* Build configuration list for PBXNativeTarget "WorldTrotterTests" */;
			buildPhases = (
				BAF2722E1FA50EBD0086A900 /* Sources */,
				BAF2722F1FA50EBD0086A900 /* Frameworks */,
				BAF272301FA50EBD0086A900 /* Resources */,
			);
			buildRules = (
			);
			dependencies = (
				BAF272341FA50EBD0086A900 /* PBXTargetDependency */,
			);
			name = WorldTrotterTests;
			productName = WorldTrotterTests;
			productReference = BAF272321FA50EBD0086A900 /* WorldTrotterTests.xctest */;
			productType = "com.apple.product-type.bundle.unit-test";
		};
		BAF2723C1FA50EBD0086A900 /* WorldTrotterUITests */ = {
			isa = PBXNativeTarget;
			buildConfigurationList = BAF2724C1FA50EBD0086A900 /* Build configuration list for PBXNativeTarget "WorldTrotterUITests" */;
			buildPhases = (
				BAF272391FA50EBD0086A900 /* Sources */,
				BAF2723A1FA50EBD0086A900 /* Frameworks */,
				BAF2723B1FA50EBD0086A900 /* Resources */,
			);
			buildRules = (
			);
			dependencies = (
				BAF2723F1FA50EBD0086A900 /* PBXTargetDependency */,
			);
			name = WorldTrotterUITests;
			productName = WorldTrotterUITests;
			productReference = BAF2723D1FA50EBD0086A900 /* WorldTrotterUITests.xctest */;
			productType = "com.apple.product-type.bundle.ui-testing";
		};
/* End PBXNativeTarget section */

/* Begin PBXProject section */
		BAF272161FA50EBD0086A900 /* Project object */ = {
			isa = PBXProject;
			attributes = {
				LastSwiftUpdateCheck = 0900;
				LastUpgradeCheck = 0900;
				ORGANIZATIONNAME = "Bret Comnes";
				TargetAttributes = {
					BAF2721D1FA50EBD0086A900 = {
						CreatedOnToolsVersion = 9.0.1;
						ProvisioningStyle = Automatic;
					};
					BAF272311FA50EBD0086A900 = {
						CreatedOnToolsVersion = 9.0.1;
						ProvisioningStyle = Automatic;
						TestTargetID = BAF2721D1FA50EBD0086A900;
					};
					BAF2723C1FA50EBD0086A900 = {
						CreatedOnToolsVersion = 9.0.1;
						ProvisioningStyle = Automatic;
						TestTargetID = BAF2721D1FA50EBD0086A900;
					};
				};
			};
			buildConfigurationList = BAF272191FA50EBD0086A900 /* Build configuration list for PBXProject "WorldTrotter" */;
			compatibilityVersion = "Xcode 8.0";
			developmentRegion = en;
			hasScannedForEncodings = 0;
			knownRegions = (
				en,
				Base,
			);
			mainGroup = BAF272151FA50EBD0086A900;
			productRefGroup = BAF2721F1FA50EBD0086A900 /* Products */;
			projectDirPath = "";
			projectRoot = "";
			targets = (
				BAF2721D1FA50EBD0086A900 /* WorldTrotter */,
				BAF272311FA50EBD0086A900 /* WorldTrotterTests */,
				BAF2723C1FA50EBD0086A900 /* WorldTrotterUITests */,
			);
		};
/* End PBXProject section */

/* Begin PBXResourcesBuildPhase section */
		BAF2721C1FA50EBD0086A900 /* Resources */ = {
			isa = PBXResourcesBuildPhase;
			buildActionMask = 2147483647;
			files = (
				BAF2722C1FA50EBD0086A900 /* LaunchScreen.storyboard in Resources */,
				BAF272291FA50EBD0086A900 /* Assets.xcassets in Resources */,
				BAF272271FA50EBD0086A900 /* Main.storyboard in Resources */,
			);
			runOnlyForDeploymentPostprocessing = 0;
		};
		BAF272301FA50EBD0086A900 /* Resources */ = {
			isa = PBXResourcesBuildPhase;
			buildActionMask = 2147483647;
			files = (
			);
			runOnlyForDeploymentPostprocessing = 0;
		};
		BAF2723B1FA50EBD0086A900 /* Resources */ = {
			isa = PBXResourcesBuildPhase;
			buildActionMask = 2147483647;
			files = (
			);
			runOnlyForDeploymentPostprocessing = 0;
		};
/* End PBXResourcesBuildPhase section */

/* Begin PBXSourcesBuildPhase section */
		BAF2721A1FA50EBD0086A900 /* Sources */ = {
			isa = PBXSourcesBuildPhase;
			buildActionMask = 2147483647;
			files = (
				BAF272241FA50EBD0086A900 /* ViewController.swift in Sources */,
				BAF272221FA50EBD0086A900 /* AppDelegate.swift in Sources */,
			);
			runOnlyForDeploymentPostprocessing = 0;
		};
		BAF2722E1FA50EBD0086A900 /* Sources */ = {
			isa = PBXSourcesBuildPhase;
			buildActionMask = 2147483647;
			files = (
				BAF272371FA50EBD0086A900 /* WorldTrotterTests.swift in Sources */,
			);
			runOnlyForDeploymentPostprocessing = 0;
		};
		BAF272391FA50EBD0086A900 /* Sources */ = {
			isa = PBXSourcesBuildPhase;
			buildActionMask = 2147483647;
			files = (
				BAF272421FA50EBD0086A900 /* WorldTrotterUITests.swift in Sources */,
			);
			runOnlyForDeploymentPostprocessing = 0;
		};
/* End PBXSourcesBuildPhase section */

/* Begin PBXTargetDependency section */
		BAF272341FA50EBD0086A900 /* PBXTargetDependency */ = {
			isa = PBXTargetDependency;
			target = BAF2721D1FA50EBD0086A900 /* WorldTrotter */;
			targetProxy = BAF272331FA50EBD0086A900 /* PBXContainerItemProxy */;
		};
		BAF2723F1FA50EBD0086A900 /* PBXTargetDependency */ = {
			isa = PBXTargetDependency;
			target = BAF2721D1FA50EBD0086A900 /* WorldTrotter */;
			targetProxy = BAF2723E1FA50EBD0086A900 /* PBXContainerItemProxy */;
		};
/* End PBXTargetDependency section */

/* Begin PBXVariantGroup section */
		BAF272251FA50EBD0086A900 /* Main.storyboard */ = {
			isa = PBXVariantGroup;
			children = (
				BAF272261FA50EBD0086A900 /* Base */,
			);
			name = Main.storyboard;
			sourceTree = "<group>";
		};
		BAF2722A1FA50EBD0086A900 /* LaunchScreen.storyboard */ = {
			isa = PBXVariantGroup;
			children = (
				BAF2722B1FA50EBD0086A900 /* Base */,
			);
			name = LaunchScreen.storyboard;
			sourceTree = "<group>";
		};
/* End PBXVariantGroup section */

/* Begin XCBuildConfiguration section */
		BAF272441FA50EBD0086A900 /* Debug */ = {
			isa = XCBuildConfiguration;
			buildSettings = {
				ALWAYS_SEARCH_USER_PATHS = NO;
				CLANG_ANALYZER_NONNULL = YES;
				CLANG_ANALYZER_NUMBER_OBJECT_CONVERSION = YES_AGGRESSIVE;
				CLANG_CXX_LANGUAGE_STANDARD = "gnu++14";
				CLANG_CXX_LIBRARY = "libc++";
				CLANG_ENABLE_MODULES = YES;
				CLANG_ENABLE_OBJC_ARC = YES;
				CLANG_WARN_BLOCK_CAPTURE_AUTORELEASING = YES;
				CLANG_WARN_BOOL_CONVERSION = YES;
				CLANG_WARN_COMMA = YES;
				CLANG_WARN_CONSTANT_CONVERSION = YES;
				CLANG_WARN_DIRECT_OBJC_ISA_USAGE = YES_ERROR;
				CLANG_WARN_DOCUMENTATION_COMMENTS = YES;
				CLANG_WARN_EMPTY_BODY = YES;
				CLANG_WARN_ENUM_CONVERSION = YES;
				CLANG_WARN_INFINITE_RECURSION = YES;
				CLANG_WARN_INT_CONVERSION = YES;
				CLANG_WARN_NON_LITERAL_NULL_CONVERSION = YES;
				CLANG_WARN_OBJC_LITERAL_CONVERSION = YES;
				CLANG_WARN_OBJC_ROOT_CLASS = YES_ERROR;
				CLANG_WARN_RANGE_LOOP_ANALYSIS = YES;
				CLANG_WARN_STRICT_PROTOTYPES = YES;
				CLANG_WARN_SUSPICIOUS_MOVE = YES;
				CLANG_WARN_UNGUARDED_AVAILABILITY = YES_AGGRESSIVE;
				CLANG_WARN_UNREACHABLE_CODE = YES;
				CLANG_WARN__DUPLICATE_METHOD_MATCH = YES;
				CODE_SIGN_IDENTITY = "iPhone Developer";
				COPY_PHASE_STRIP = NO;
				DEBUG_INFORMATION_FORMAT = dwarf;
				ENABLE_STRICT_OBJC_MSGSEND = YES;
				ENABLE_TESTABILITY = YES;
				GCC_C_LANGUAGE_STANDARD = gnu11;
				GCC_DYNAMIC_NO_PIC = NO;
				GCC_NO_COMMON_BLOCKS = YES;
				GCC_OPTIMIZATION_LEVEL = 0;
				GCC_PREPROCESSOR_DEFINITIONS = (
					"DEBUG=1",
					"$(inherited)",
				);
				GCC_WARN_64_TO_32_BIT_CONVERSION = YES;
				GCC_WARN_ABOUT_RETURN_TYPE = YES_ERROR;
				GCC_WARN_UNDECLARED_SELECTOR = YES;
				GCC_WARN_UNINITIALIZED_AUTOS = YES_AGGRESSIVE;
				GCC_WARN_UNUSED_FUNCTION = YES;
				GCC_WARN_UNUSED_VARIABLE = YES;
				IPHONEOS_DEPLOYMENT_TARGET = 11.0;
				MTL_ENABLE_DEBUG_INFO = YES;
				ONLY_ACTIVE_ARCH = YES;
				SDKROOT = iphoneos;
				SWIFT_ACTIVE_COMPILATION_CONDITIONS = DEBUG;
				SWIFT_OPTIMIZATION_LEVEL = "-Onone";
			};
			name = Debug;
		};
		BAF272451FA50EBD0086A900 /* Release */ = {
			isa = XCBuildConfiguration;
			buildSettings = {
				ALWAYS_SEARCH_USER_PATHS = NO;
				CLANG_ANALYZER_NONNULL = YES;
				CLANG_ANALYZER_NUMBER_OBJECT_CONVERSION = YES_AGGRESSIVE;
				CLANG_CXX_LANGUAGE_STANDARD = "gnu++14";
				CLANG_CXX_LIBRARY = "libc++";
				CLANG_ENABLE_MODULES = YES;
				CLANG_ENABLE_OBJC_ARC = YES;
				CLANG_WARN_BLOCK_CAPTURE_AUTORELEASING = YES;
				CLANG_WARN_BOOL_CONVERSION = YES;
				CLANG_WARN_COMMA = YES;
				CLANG_WARN_CONSTANT_CONVERSION = YES;
				CLANG_WARN_DIRECT_OBJC_ISA_USAGE = YES_ERROR;
				CLANG_WARN_DOCUMENTATION_COMMENTS = YES;
				CLANG_WARN_EMPTY_BODY = YES;
				CLANG_WARN_ENUM_CONVERSION = YES;
				CLANG_WARN_INFINITE_RECURSION = YES;
				CLANG_WARN_INT_CONVERSION = YES;
				CLANG_WARN_NON_LITERAL_NULL_CONVERSION = YES;
				CLANG_WARN_OBJC_LITERAL_CONVERSION = YES;
				CLANG_WARN_OBJC_ROOT_CLASS = YES_ERROR;
				CLANG_WARN_RANGE_LOOP_ANALYSIS = YES;
				CLANG_WARN_STRICT_PROTOTYPES = YES;
				CLANG_WARN_SUSPICIOUS_MOVE = YES;
				CLANG_WARN_UNGUARDED_AVAILABILITY = YES_AGGRESSIVE;
				CLANG_WARN_UNREACHABLE_CODE = YES;
				CLANG_WARN__DUPLICATE_METHOD_MATCH = YES;
				CODE_SIGN_IDENTITY = "iPhone Developer";
				COPY_PHASE_STRIP = NO;
				DEBUG_INFORMATION_FORMAT = "dwarf-with-dsym";
				ENABLE_NS_ASSERTIONS = NO;
				ENABLE_STRICT_OBJC_MSGSEND = YES;
				GCC_C_LANGUAGE_STANDARD = gnu11;
				GCC_NO_COMMON_BLOCKS = YES;
				GCC_WARN_64_TO_32_BIT_CONVERSION = YES;
				GCC_WARN_ABOUT_RETURN_TYPE = YES_ERROR;
				GCC_WARN_UNDECLARED_SELECTOR = YES;
				GCC_WARN_UNINITIALIZED_AUTOS = YES_AGGRESSIVE;
				GCC_WARN_UNUSED_FUNCTION = YES;
				GCC_WARN_UNUSED_VARIABLE = YES;
				IPHONEOS_DEPLOYMENT_TARGET = 11.0;
				MTL_ENABLE_DEBUG_INFO = NO;
				SDKROOT = iphoneos;
				SWIFT_OPTIMIZATION_LEVEL = "-Owholemodule";
				VALIDATE_PRODUCT = YES;
			};
			name = Release;
		};
		BAF272471FA50EBD0086A900 /* Debug */ = {
			isa = XCBuildConfiguration;
			buildSettings = {
				ASSETCATALOG_COMPILER_APPICON_NAME = AppIcon;
				CODE_SIGN_STYLE = Automatic;
				DEVELOPMENT_TEAM = K6F6RML7U9;
				INFOPLIST_FILE = WorldTrotter/Info.plist;
				LD_RUNPATH_SEARCH_PATHS = "$(inherited) @executable_path/Frameworks";
				PRODUCT_BUNDLE_IDENTIFIER = com.hypermodules.WorldTrotter;
				PRODUCT_NAME = "$(TARGET_NAME)";
				SWIFT_VERSION = 4.0;
				TARGETED_DEVICE_FAMILY = "1,2";
			};
			name = Debug;
		};
		BAF272481FA50EBD0086A900 /* Release */ = {
			isa = XCBuildConfiguration;
			buildSettings = {
				ASSETCATALOG_COMPILER_APPICON_NAME = AppIcon;
				CODE_SIGN_STYLE = Automatic;
				DEVELOPMENT_TEAM = K6F6RML7U9;
				INFOPLIST_FILE = WorldTrotter/Info.plist;
				LD_RUNPATH_SEARCH_PATHS = "$(inherited) @executable_path/Frameworks";
				PRODUCT_BUNDLE_IDENTIFIER = com.hypermodules.WorldTrotter;
				PRODUCT_NAME = "$(TARGET_NAME)";
				SWIFT_VERSION = 4.0;
				TARGETED_DEVICE_FAMILY = "1,2";
			};
			name = Release;
		};
		BAF2724A1FA50EBD0086A900 /* Debug */ = {
			isa = XCBuildConfiguration;
			buildSettings = {
				ALWAYS_EMBED_SWIFT_STANDARD_LIBRARIES = YES;
				BUNDLE_LOADER = "$(TEST_HOST)";
				CODE_SIGN_STYLE = Automatic;
				DEVELOPMENT_TEAM = K6F6RML7U9;
				INFOPLIST_FILE = WorldTrotterTests/Info.plist;
				LD_RUNPATH_SEARCH_PATHS = "$(inherited) @executable_path/Frameworks @loader_path/Frameworks";
				PRODUCT_BUNDLE_IDENTIFIER = com.hypermodules.WorldTrotterTests;
				PRODUCT_NAME = "$(TARGET_NAME)";
				SWIFT_VERSION = 4.0;
				TARGETED_DEVICE_FAMILY = "1,2";
				TEST_HOST = "$(BUILT_PRODUCTS_DIR)/WorldTrotter.app/WorldTrotter";
			};
			name = Debug;
		};
		BAF2724B1FA50EBD0086A900 /* Release */ = {
			isa = XCBuildConfiguration;
			buildSettings = {
				ALWAYS_EMBED_SWIFT_STANDARD_LIBRARIES = YES;
				BUNDLE_LOADER = "$(TEST_HOST)";
				CODE_SIGN_STYLE = Automatic;
				DEVELOPMENT_TEAM = K6F6RML7U9;
				INFOPLIST_FILE = WorldTrotterTests/Info.plist;
				LD_RUNPATH_SEARCH_PATHS = "$(inherited) @executable_path/Frameworks @loader_path/Frameworks";
				PRODUCT_BUNDLE_IDENTIFIER = com.hypermodules.WorldTrotterTests;
				PRODUCT_NAME = "$(TARGET_NAME)";
				SWIFT_VERSION = 4.0;
				TARGETED_DEVICE_FAMILY = "1,2";
				TEST_HOST = "$(BUILT_PRODUCTS_DIR)/WorldTrotter.app/WorldTrotter";
			};
			name = Release;
		};
		BAF2724D1FA50EBD0086A900 /* Debug */ = {
			isa = XCBuildConfiguration;
			buildSettings = {
				ALWAYS_EMBED_SWIFT_STANDARD_LIBRARIES = YES;
				CODE_SIGN_STYLE = Automatic;
				DEVELOPMENT_TEAM = K6F6RML7U9;
				INFOPLIST_FILE = WorldTrotterUITests/Info.plist;
				LD_RUNPATH_SEARCH_PATHS = "$(inherited) @executable_path/Frameworks @loader_path/Frameworks";
				PRODUCT_BUNDLE_IDENTIFIER = com.hypermodules.WorldTrotterUITests;
				PRODUCT_NAME = "$(TARGET_NAME)";
				SWIFT_VERSION = 4.0;
				TARGETED_DEVICE_FAMILY = "1,2";
				TEST_TARGET_NAME = WorldTrotter;
			};
			name = Debug;
		};
		BAF2724E1FA50EBD0086A900 /* Release */ = {
			isa = XCBuildConfiguration;
			buildSettings = {
				ALWAYS_EMBED_SWIFT_STANDARD_LIBRARIES = YES;
				CODE_SIGN_STYLE = Automatic;
				DEVELOPMENT_TEAM = K6F6RML7U9;
				INFOPLIST_FILE = WorldTrotterUITests/Info.plist;
				LD_RUNPATH_SEARCH_PATHS = "$(inherited) @executable_path/Frameworks @loader_path/Frameworks";
				PRODUCT_BUNDLE_IDENTIFIER = com.hypermodules.WorldTrotterUITests;
				PRODUCT_NAME = "$(TARGET_NAME)";
				SWIFT_VERSION = 4.0;
				TARGETED_DEVICE_FAMILY = "1,2";
				TEST_TARGET_NAME = WorldTrotter;
			};
			name = Release;
		};
/* End XCBuildConfiguration section */

/* Begin XCConfigurationList section */
		BAF272191FA50EBD0086A900 /* Build configuration list for PBXProject "WorldTrotter" */ = {
			isa = XCConfigurationList;
			buildConfigurations = (
				BAF272441FA50EBD0086A900 /* Debug */,
				BAF272451FA50EBD0086A900 /* Release */,
			);
			defaultConfigurationIsVisible = 0;
			defaultConfigurationName = Release;
		};
		BAF272461FA50EBD0086A900 /* Build configuration list for PBXNativeTarget "WorldTrotter" */ = {
			isa = XCConfigurationList;
			buildConfigurations = (
				BAF272471FA50EBD0086A900 /* Debug */,
				BAF272481FA50EBD0086A900 /* Release */,
			);
			defaultConfigurationIsVisible = 0;
			defaultConfigurationName = Release;
		};
		BAF272491FA50EBD0086A900 /* Build configuration list for PBXNativeTarget "WorldTrotterTests" */ = {
			isa = XCConfigurationList;
			buildConfigurations = (
				BAF2724A1FA50EBD0086A900 /* Debug */,
				BAF2724B1FA50EBD0086A900 /* Release */,
			);
			defaultConfigurationIsVisible = 0;
			defaultConfigurationName = Release;
		};
		BAF2724C1FA50EBD0086A900 /* Build configuration list for PBXNativeTarget "WorldTrotterUITests" */ = {
			isa = XCConfigurationList;
			buildConfigurations = (
				BAF2724D1FA50EBD0086A900 /* Debug */,
				BAF2724E1FA50EBD0086A900 /* Release */,
			);
			defaultConfigurationIsVisible = 0;
			defaultConfigurationName = Release;
		};
/* End XCConfigurationList section */
	};
	rootObject = BAF272161FA50EBD0086A900 /* Project object */;
}
